<?xml version="1.0" encoding="utf-8"?>
<Project ToolsVersion="4.0" xmlns="http://schemas.microsoft.com/developer/msbuild/2003">
  <ItemGroup>
    <Filter Include="源文件">
      <UniqueIdentifier>{4FC737F1-C7A5-4376-A066-2A32D752A2FF}</UniqueIdentifier>
      <Extensions>cpp;c;cc;cxx;def;odl;idl;hpj;bat;asm;asmx</Extensions>
    </Filter>
    <Filter Include="头文件">
      <UniqueIdentifier>{93995380-89BD-4b04-88EB-625FBE52EBFB}</UniqueIdentifier>
      <Extensions>h;hh;hpp;hxx;hm;inl;inc;xsd</Extensions>
    </Filter>
    <Filter Include="资源文件">
      <UniqueIdentifier>{67DA6AB6-F800-4c08-8B7A-83BB121AAD01}</UniqueIdentifier>
      <Extensions>rc;ico;cur;bmp;dlg;rc2;rct;bin;rgs;gif;jpg;jpeg;jpe;resx;tiff;tif;png;wav;mfcribbon-ms</Extensions>
    </Filter>
    <Filter Include="头文件\Log">
      <UniqueIdentifier>{543ceb2c-ae51-407e-9661-5e46e4df0f83}</UniqueIdentifier>
    </Filter>
    <Filter Include="源文件\Log">
      <UniqueIdentifier>{c1a6afa3-b1d9-49e1-92c3-55c1b09515e9}</UniqueIdentifier>
    </Filter>
    <Filter Include="源文件\Game">
      <UniqueIdentifier>{07fde996-f053-409e-a06f-33e14652ffe7}</UniqueIdentifier>
    </Filter>
    <Filter Include="头文件\Game">
      <UniqueIdentifier>{f2e0a120-54bb-4b1a-9d8d-5532c64d8582}</UniqueIdentifier>
    </Filter>
    <Filter Include="头文件\XML">
      <UniqueIdentifier>{083f70a9-5466-447e-88bd-480c060dd48e}</UniqueIdentifier>
    </Filter>
    <Filter Include="源文件\XML">
      <UniqueIdentifier>{c66a6894-1159-4a1d-983e-b94a2ccc547f}</UniqueIdentifier>
    </Filter>
  </ItemGroup>
  <ItemGroup>
    <ClInclude Include="..\src\Graphics.h">
      <Filter>头文件</Filter>
    </ClInclude>
    <ClInclude Include="..\src\Log\CLog.h">
      <Filter>头文件\Log</Filter>
    </ClInclude>
    <ClInclude Include="..\src\Game\GameController.h">
      <Filter>头文件\Game</Filter>
    </ClInclude>
    <ClInclude Include="..\src\Game\GameLevel.h">
      <Filter>头文件\Game</Filter>
    </ClInclude>
    <ClInclude Include="..\src\Game\Level1.h">
      <Filter>头文件\Game</Filter>
    </ClInclude>
    <ClInclude Include="..\src\Convert.h">
      <Filter>头文件</Filter>
    </ClInclude>
    <ClInclude Include="..\src\global_def.h">
      <Filter>头文件</Filter>
    </ClInclude>
    <ClInclude Include="..\src\XmlParser\XmlParser.h">
      <Filter>头文件\XML</Filter>
    </ClInclude>
    <ClInclude Include="..\src\Game\Tank.h">
      <Filter>头文件\Game</Filter>
    </ClInclude>
    <ClInclude Include="..\src\Game\GameObject.h">
      <Filter>头文件\Game</Filter>
    </ClInclude>
    <ClInclude Include="..\src\engine\Sprite.h">
      <Filter>头文件\Game</Filter>
    </ClInclude>
    <ClInclude Include="..\src\engine\Animator.h">
      <Filter>头文件\Game</Filter>
    </ClInclude>
    <ClInclude Include="..\src\engine\Sheet.h">
      <Filter>头文件\Game</Filter>
    </ClInclude>
    <ClInclude Include="..\src\engine\SpriteFactory.h">
      <Filter>头文件\Game</Filter>
    </ClInclude>
    <ClInclude Include="..\src\engine\IRenderObject.h">
      <Filter>头文件\Game</Filter>
    </ClInclude>
  </ItemGroup>
  <ItemGroup>
    <ClCompile Include="..\src\main.cpp">
      <Filter>源文件</Filter>
    </ClCompile>
    <ClCompile Include="..\src\Graphics.cpp">
      <Filter>源文件</Filter>
    </ClCompile>
    <ClCompile Include="..\src\Log\CLog.cpp">
      <Filter>源文件\Log</Filter>
    </ClCompile>
    <ClCompile Include="..\src\Game\GameController.cpp">
      <Filter>源文件\Game</Filter>
    </ClCompile>
    <ClCompile Include="..\src\Game\Level1.cpp">
      <Filter>源文件\Game</Filter>
    </ClCompile>
    <ClCompile Include="..\src\XmlParser\XmlParser.cpp">
      <Filter>源文件\XML</Filter>
    </ClCompile>
    <ClCompile Include="..\src\Game\Tank.cpp">
      <Filter>源文件\Game</Filter>
    </ClCompile>
    <ClCompile Include="..\src\engine\Animator.cpp">
      <Filter>源文件\Game</Filter>
    </ClCompile>
    <ClCompile Include="..\src\engine\Sheet.cpp">
      <Filter>源文件\Game</Filter>
    </ClCompile>
    <ClCompile Include="..\src\engine\Sprite.cpp">
      <Filter>源文件\Game</Filter>
    </ClCompile>
    <ClCompile Include="..\src\engine\SpriteFactory.cpp">
      <Filter>源文件\Game</Filter>
    </ClCompile>
  </ItemGroup>
</Project>